{
  "name": "@hitpoints/shared",
  "version": "1.0.0",
  "lockfileVersion": 2,
  "requires": true,
  "packages": {
    "": {
      "name": "@hitpoints/shared",
      "version": "1.0.0",
      "dependencies": {
        "zod": "^3.11.6"
      }
    },
    "node_modules/zod": {
      "version": "3.14.4",
      "resolved": "https://registry.npmjs.org/zod/-/zod-3.14.4.tgz",
      "integrity": "sha512-U9BFLb2GO34Sfo9IUYp0w3wJLlmcyGoMd75qU9yf+DrdGA4kEx6e+l9KOkAlyUO0PSQzZCa3TR4qVlcmwqSDuw==",
      "funding": {
        "url": "https://github.com/sponsors/colinhacks"
      }
    }
  },
  "dependencies": {
    "zod": {
      "version": "3.14.4",
      "resolved": "https://registry.npmjs.org/zod/-/zod-3.14.4.tgz",
      "integrity": "sha512-U9BFLb2GO34Sfo9IUYp0w3wJLlmcyGoMd75qU9yf+DrdGA4kEx6e+l9KOkAlyUO0PSQzZCa3TR4qVlcmwqSDuw=="
    }
  }
}
